
Microsoft Visual Studio Solution File, Format Version 12.00
Project("{FAE04EC0-301F-11D3-BF4B-00C04F79EFBC}") = "HubVpn", "HubVpn.csproj", "{EE533E92-6DB2-4A09-93A7-B3DD001A0C11}"
EndProject
Global
	GlobalSection(SolutionConfigurationPlatforms) = preSolution
		Debug|Any CPU = Debug|Any CPU
		Release|Any CPU = Release|Any CPU
	EndGlobalSection
	GlobalSection(ProjectConfigurationPlatforms) = postSolution
		{EE533E92-6DB2-4A09-93A7-B3DD001A0C11}.Debug|Any CPU.ActiveCfg = Debug|Any CPU
		{EE533E92-6DB2-4A09-93A7-B3DD001A0C11}.Debug|Any CPU.Build.0 = Debug|Any CPU
		{EE533E92-6DB2-4A09-93A7-B3DD001A0C11}.Release|Any CPU.ActiveCfg = Release|Any CPU
		{EE533E92-6DB2-4A09-93A7-B3DD001A0C11}.Release|Any CPU.Build.0 = Release|Any CPU
	EndGlobalSection
EndGlobal
